
Microsoft Visual Studio Solution File, Format Version 12.00
# Visual Studio 2012
Project("{8BC9CEB8-8B4A-11D0-8D11-00A0C91BC942}") = "Packetyzer", "Packetyzer.vcxproj", "{68699F7C-9D1C-43C8-B680-F825115EB795}"
EndProject
Project("{8BC9CEB8-8B4A-11D0-8D11-00A0C91BC942}") = "PacketyzerTest", "PacketyzerTest\PacketyzerTest.vcxproj", "{480984FC-B9FB-4314-A218-A439E399A124}"
	ProjectSection(ProjectDependencies) = postProject
		{68699F7C-9D1C-43C8-B680-F825115EB795} = {68699F7C-9D1C-43C8-B680-F825115EB795}
	EndProjectSection
EndProject
Project("{8BC9CEB8-8B4A-11D0-8D11-00A0C91BC942}") = "VirusTotal-Checker", "VirusTotal-Checker\VirusTotal-Checker.vcxproj", "{83775B67-96DB-4FFA-8338-20EECC6370F7}"
	ProjectSection(ProjectDependencies) = postProject
		{68699F7C-9D1C-43C8-B680-F825115EB795} = {68699F7C-9D1C-43C8-B680-F825115EB795}
	EndProjectSection
EndProject
Global
	GlobalSection(SolutionConfigurationPlatforms) = preSolution
		Debug|Win32 = Debug|Win32
		Release|Win32 = Release|Win32
	EndGlobalSection
	GlobalSection(ProjectConfigurationPlatforms) = postSolution
		{68699F7C-9D1C-43C8-B680-F825115EB795}.Debug|Win32.ActiveCfg = Debug|Win32
		{68699F7C-9D1C-43C8-B680-F825115EB795}.Debug|Win32.Build.0 = Debug|Win32
		{68699F7C-9D1C-43C8-B680-F825115EB795}.Release|Win32.ActiveCfg = Release|Win32
		{68699F7C-9D1C-43C8-B680-F825115EB795}.Release|Win32.Build.0 = Release|Win32
		{480984FC-B9FB-4314-A218-A439E399A124}.Debug|Win32.ActiveCfg = Debug|Win32
		{480984FC-B9FB-4314-A218-A439E399A124}.Debug|Win32.Build.0 = Debug|Win32
		{480984FC-B9FB-4314-A218-A439E399A124}.Release|Win32.ActiveCfg = Release|Win32
		{480984FC-B9FB-4314-A218-A439E399A124}.Release|Win32.Build.0 = Release|Win32
		{83775B67-96DB-4FFA-8338-20EECC6370F7}.Debug|Win32.ActiveCfg = Debug|Win32
		{83775B67-96DB-4FFA-8338-20EECC6370F7}.Debug|Win32.Build.0 = Debug|Win32
		{83775B67-96DB-4FFA-8338-20EECC6370F7}.Release|Win32.ActiveCfg = Release|Win32
		{83775B67-96DB-4FFA-8338-20EECC6370F7}.Release|Win32.Build.0 = Release|Win32
	EndGlobalSection
	GlobalSection(SolutionProperties) = preSolution
		HideSolutionNode = FALSE
	EndGlobalSection
	GlobalSection(Performance) = preSolution
		HasPerformanceSessions = true
	EndGlobalSection
EndGlobal
