<?xml version="1.0" encoding="utf-8"?>
<Project ToolsVersion="4.0" xmlns="http://schemas.microsoft.com/developer/msbuild/2003">
  <ItemGroup>
    <Filter Include="Source Files">
      <UniqueIdentifier>{4FC737F1-C7A5-4376-A066-2A32D752A2FF}</UniqueIdentifier>
      <Extensions>cpp;c;cc;cxx;def;odl;idl;hpj;bat;asm;asmx</Extensions>
    </Filter>
    <Filter Include="Header Files">
      <UniqueIdentifier>{93995380-89BD-4b04-88EB-625FBE52EBFB}</UniqueIdentifier>
      <Extensions>h;hpp;hxx;hm;inl;inc;xsd</Extensions>
    </Filter>
    <Filter Include="Resource Files">
      <UniqueIdentifier>{67DA6AB6-F800-4c08-8B7A-83BB121AAD01}</UniqueIdentifier>
      <Extensions>rc;ico;cur;bmp;dlg;rc2;rct;bin;rgs;gif;jpg;jpeg;jpe;resx;tiff;tif;png;wav</Extensions>
    </Filter>
    <Filter Include="Source Files\LSPCommon">
      <UniqueIdentifier>{f1420e05-6ec0-4a18-98de-f4ea768f7c00}</UniqueIdentifier>
    </Filter>
    <Filter Include="Header Files\LSPCommon">
      <UniqueIdentifier>{ce52cd63-8349-4d5e-ae1b-8fe043942286}</UniqueIdentifier>
    </Filter>
  </ItemGroup>
  <ItemGroup>
    <ClCompile Include="cFile.cpp">
      <Filter>Source Files</Filter>
    </ClCompile>
    <ClCompile Include="cPacket.cpp">
      <Filter>Source Files</Filter>
    </ClCompile>
    <ClCompile Include="cPacketGen.cpp">
      <Filter>Source Files</Filter>
    </ClCompile>
    <ClCompile Include="cPcapFile.cpp">
      <Filter>Source Files</Filter>
    </ClCompile>
    <ClCompile Include="cWinpcapCapture.cpp">
      <Filter>Source Files</Filter>
    </ClCompile>
    <ClCompile Include="cWinpcapSend.cpp">
      <Filter>Source Files</Filter>
    </ClCompile>
    <ClCompile Include="cTraffic.cpp">
      <Filter>Source Files</Filter>
    </ClCompile>
    <ClCompile Include="cDNSStream.cpp">
      <Filter>Source Files</Filter>
    </ClCompile>
    <ClCompile Include="cHTTPStream.cpp">
      <Filter>Source Files</Filter>
    </ClCompile>
    <ClCompile Include="cConStream.cpp">
      <Filter>Source Files</Filter>
    </ClCompile>
    <ClCompile Include="cConnection.cpp">
      <Filter>Source Files</Filter>
    </ClCompile>
    <ClCompile Include="cTCPStream.cpp">
      <Filter>Source Files</Filter>
    </ClCompile>
    <ClCompile Include="cARPStream.cpp">
      <Filter>Source Files</Filter>
    </ClCompile>
    <ClCompile Include="cICMPStream.cpp">
      <Filter>Source Files</Filter>
    </ClCompile>
    <ClCompile Include="cString.cpp">
      <Filter>Source Files</Filter>
    </ClCompile>
    <ClCompile Include="cHash.cpp">
      <Filter>Source Files</Filter>
    </ClCompile>
    <ClCompile Include="dllmain.cpp">
      <Filter>Source Files</Filter>
    </ClCompile>
    <ClCompile Include="cTCPReassembler.cpp">
      <Filter>Source Files</Filter>
    </ClCompile>
    <ClCompile Include="cUDPStream.cpp">
      <Filter>Source Files</Filter>
    </ClCompile>
    <ClCompile Include="cLSPInstall.cpp">
      <Filter>Source Files</Filter>
    </ClCompile>
    <ClCompile Include="LSPCommon\provider.cpp">
      <Filter>Source Files\LSPCommon</Filter>
    </ClCompile>
    <ClCompile Include="cLSP.cpp">
      <Filter>Source Files</Filter>
    </ClCompile>
  </ItemGroup>
  <ItemGroup>
    <ClInclude Include="cFile.h">
      <Filter>Header Files</Filter>
    </ClInclude>
    <ClInclude Include="cPacket.h">
      <Filter>Header Files</Filter>
    </ClInclude>
    <ClInclude Include="cPacketGen.h">
      <Filter>Header Files</Filter>
    </ClInclude>
    <ClInclude Include="cPcapFile.h">
      <Filter>Header Files</Filter>
    </ClInclude>
    <ClInclude Include="hPackets.h">
      <Filter>Header Files</Filter>
    </ClInclude>
    <ClInclude Include="cWinpcapCapture.h">
      <Filter>Header Files</Filter>
    </ClInclude>
    <ClInclude Include="cWinpcapSend.h">
      <Filter>Header Files</Filter>
    </ClInclude>
    <ClInclude Include="cTraffic.h">
      <Filter>Header Files</Filter>
    </ClInclude>
    <ClInclude Include="cDNSStream.h">
      <Filter>Header Files</Filter>
    </ClInclude>
    <ClInclude Include="cHTTPStream.h">
      <Filter>Header Files</Filter>
    </ClInclude>
    <ClInclude Include="cConStream.h">
      <Filter>Header Files</Filter>
    </ClInclude>
    <ClInclude Include="cConnection.h">
      <Filter>Header Files</Filter>
    </ClInclude>
    <ClInclude Include="cTCPStream.h">
      <Filter>Header Files</Filter>
    </ClInclude>
    <ClInclude Include="cUDPStream.h">
      <Filter>Header Files</Filter>
    </ClInclude>
    <ClInclude Include="cARPStream.h">
      <Filter>Header Files</Filter>
    </ClInclude>
    <ClInclude Include="cICMPStream.h">
      <Filter>Header Files</Filter>
    </ClInclude>
    <ClInclude Include="cString.h">
      <Filter>Header Files</Filter>
    </ClInclude>
    <ClInclude Include="cHash.h">
      <Filter>Header Files</Filter>
    </ClInclude>
    <ClInclude Include="Packetyzer.h">
      <Filter>Header Files</Filter>
    </ClInclude>
    <ClInclude Include="cTCPReassembler.h">
      <Filter>Header Files</Filter>
    </ClInclude>
    <ClInclude Include="cLSPInstall.h">
      <Filter>Header Files</Filter>
    </ClInclude>
    <ClInclude Include="LSPCommon\atalkwsh.h">
      <Filter>Header Files\LSPCommon</Filter>
    </ClInclude>
    <ClInclude Include="LSPCommon\lspcommon.h">
      <Filter>Header Files\LSPCommon</Filter>
    </ClInclude>
    <ClInclude Include="cLSP.h">
      <Filter>Header Files</Filter>
    </ClInclude>
  </ItemGroup>
</Project>